
Microsoft Visual Studio Solution File, Format Version 12.00
# Visual Studio Version 17
VisualStudioVersion = 17.4.33213.308
MinimumVisualStudioVersion = 10.0.40219.1
Project("{9A19103F-16F7-4668-BE54-9A1E7A4F7556}") = "7Boom", "7Boom.csproj", "{74247CD0-4FE1-4484-9727-2BBDC61FD329}"
EndProject
Global
	GlobalSection(SolutionConfigurationPlatforms) = preSolution
		Debug|Any CPU = Debug|Any CPU
		Release|Any CPU = Release|Any CPU
	EndGlobalSection
	GlobalSection(ProjectConfigurationPlatforms) = postSolution
		{74247CD0-4FE1-4484-9727-2BBDC61FD329}.Debug|Any CPU.ActiveCfg = Debug|Any CPU
		{74247CD0-4FE1-4484-9727-2BBDC61FD329}.Debug|Any CPU.Build.0 = Debug|Any CPU
		{74247CD0-4FE1-4484-9727-2BBDC61FD329}.Release|Any CPU.ActiveCfg = Release|Any CPU
		{74247CD0-4FE1-4484-9727-2BBDC61FD329}.Release|Any CPU.Build.0 = Release|Any CPU
	EndGlobalSection
	GlobalSection(SolutionProperties) = preSolution
		HideSolutionNode = FALSE
	EndGlobalSection
	GlobalSection(ExtensibilityGlobals) = postSolution
		SolutionGuid = {80102B49-9AD9-4621-BF64-1E7C6ACD8CCE}
	EndGlobalSection
EndGlobal
