
Microsoft Visual Studio Solution File, Format Version 12.00
# Visual Studio Version 17
VisualStudioVersion = 17.4.33213.308
MinimumVisualStudioVersion = 10.0.40219.1
Project("{9A19103F-16F7-4668-BE54-9A1E7A4F7556}") = "ParallelConsoleLogging", "ParallelConsoleLogging\ParallelConsoleLogging.csproj", "{EEA97FD7-D24F-49C0-9D90-96AA097B4CDD}"
EndProject
Project("{9A19103F-16F7-4668-BE54-9A1E7A4F7556}") = "Utils", "Utils\Utils.csproj", "{4406BEC7-D214-4090-BEDE-99A9576FF25C}"
EndProject
Project("{FAE04EC0-301F-11D3-BF4B-00C04F79EFBC}") = "SevenBoom", "SevenBoom\SevenBoom.csproj", "{F0D5C43A-1C02-4467-95B4-21C2DAD9CFF7}"
EndProject
Project("{FAE04EC0-301F-11D3-BF4B-00C04F79EFBC}") = "TaskSchedulingThreading", "TaskSchedulingThreading\TaskSchedulingThreading.csproj", "{F91B6BBA-8F51-437B-805A-26DBC3E2C5C7}"
EndProject
Global
	GlobalSection(SolutionConfigurationPlatforms) = preSolution
		Debug|Any CPU = Debug|Any CPU
		Release|Any CPU = Release|Any CPU
	EndGlobalSection
	GlobalSection(ProjectConfigurationPlatforms) = postSolution
		{EEA97FD7-D24F-49C0-9D90-96AA097B4CDD}.Debug|Any CPU.ActiveCfg = Debug|Any CPU
		{EEA97FD7-D24F-49C0-9D90-96AA097B4CDD}.Debug|Any CPU.Build.0 = Debug|Any CPU
		{EEA97FD7-D24F-49C0-9D90-96AA097B4CDD}.Release|Any CPU.ActiveCfg = Release|Any CPU
		{EEA97FD7-D24F-49C0-9D90-96AA097B4CDD}.Release|Any CPU.Build.0 = Release|Any CPU
		{4406BEC7-D214-4090-BEDE-99A9576FF25C}.Debug|Any CPU.ActiveCfg = Debug|Any CPU
		{4406BEC7-D214-4090-BEDE-99A9576FF25C}.Debug|Any CPU.Build.0 = Debug|Any CPU
		{4406BEC7-D214-4090-BEDE-99A9576FF25C}.Release|Any CPU.ActiveCfg = Release|Any CPU
		{4406BEC7-D214-4090-BEDE-99A9576FF25C}.Release|Any CPU.Build.0 = Release|Any CPU
		{F0D5C43A-1C02-4467-95B4-21C2DAD9CFF7}.Debug|Any CPU.ActiveCfg = Debug|Any CPU
		{F0D5C43A-1C02-4467-95B4-21C2DAD9CFF7}.Debug|Any CPU.Build.0 = Debug|Any CPU
		{F0D5C43A-1C02-4467-95B4-21C2DAD9CFF7}.Release|Any CPU.ActiveCfg = Release|Any CPU
		{F0D5C43A-1C02-4467-95B4-21C2DAD9CFF7}.Release|Any CPU.Build.0 = Release|Any CPU
		{F91B6BBA-8F51-437B-805A-26DBC3E2C5C7}.Debug|Any CPU.ActiveCfg = Debug|Any CPU
		{F91B6BBA-8F51-437B-805A-26DBC3E2C5C7}.Debug|Any CPU.Build.0 = Debug|Any CPU
		{F91B6BBA-8F51-437B-805A-26DBC3E2C5C7}.Release|Any CPU.ActiveCfg = Release|Any CPU
		{F91B6BBA-8F51-437B-805A-26DBC3E2C5C7}.Release|Any CPU.Build.0 = Release|Any CPU
	EndGlobalSection
	GlobalSection(SolutionProperties) = preSolution
		HideSolutionNode = FALSE
	EndGlobalSection
	GlobalSection(ExtensibilityGlobals) = postSolution
		SolutionGuid = {32E3205C-19C5-4AB7-8363-53865FCD17D1}
	EndGlobalSection
EndGlobal
