
Microsoft Visual Studio Solution File, Format Version 12.00
# Visual Studio Version 17
VisualStudioVersion = 17.4.33213.308
MinimumVisualStudioVersion = 10.0.40219.1
Project("{9A19103F-16F7-4668-BE54-9A1E7A4F7556}") = "Racing", "Racing.csproj", "{0B5D0B11-D95B-4FCF-9DDF-E20B1F0DD216}"
EndProject
Global
	GlobalSection(SolutionConfigurationPlatforms) = preSolution
		Debug|Any CPU = Debug|Any CPU
		Release|Any CPU = Release|Any CPU
	EndGlobalSection
	GlobalSection(ProjectConfigurationPlatforms) = postSolution
		{0B5D0B11-D95B-4FCF-9DDF-E20B1F0DD216}.Debug|Any CPU.ActiveCfg = Debug|Any CPU
		{0B5D0B11-D95B-4FCF-9DDF-E20B1F0DD216}.Debug|Any CPU.Build.0 = Debug|Any CPU
		{0B5D0B11-D95B-4FCF-9DDF-E20B1F0DD216}.Release|Any CPU.ActiveCfg = Release|Any CPU
		{0B5D0B11-D95B-4FCF-9DDF-E20B1F0DD216}.Release|Any CPU.Build.0 = Release|Any CPU
	EndGlobalSection
	GlobalSection(SolutionProperties) = preSolution
		HideSolutionNode = FALSE
	EndGlobalSection
	GlobalSection(ExtensibilityGlobals) = postSolution
		SolutionGuid = {20FE9F6E-8F39-486D-BE8B-DA9D2F7EE1D2}
	EndGlobalSection
EndGlobal
