
Microsoft Visual Studio Solution File, Format Version 12.00
# Visual Studio Version 17
VisualStudioVersion = 17.4.33213.308
MinimumVisualStudioVersion = 10.0.40219.1
Project("{9A19103F-16F7-4668-BE54-9A1E7A4F7556}") = "ClientCode", "ClientCode.csproj", "{210403B6-AE0E-4EDE-ADA9-05E54F315448}"
EndProject
Global
	GlobalSection(SolutionConfigurationPlatforms) = preSolution
		Debug|Any CPU = Debug|Any CPU
		Release|Any CPU = Release|Any CPU
	EndGlobalSection
	GlobalSection(ProjectConfigurationPlatforms) = postSolution
		{210403B6-AE0E-4EDE-ADA9-05E54F315448}.Debug|Any CPU.ActiveCfg = Debug|Any CPU
		{210403B6-AE0E-4EDE-ADA9-05E54F315448}.Debug|Any CPU.Build.0 = Debug|Any CPU
		{210403B6-AE0E-4EDE-ADA9-05E54F315448}.Release|Any CPU.ActiveCfg = Release|Any CPU
		{210403B6-AE0E-4EDE-ADA9-05E54F315448}.Release|Any CPU.Build.0 = Release|Any CPU
	EndGlobalSection
	GlobalSection(SolutionProperties) = preSolution
		HideSolutionNode = FALSE
	EndGlobalSection
	GlobalSection(ExtensibilityGlobals) = postSolution
		SolutionGuid = {E2783FA5-7D3B-4B58-B221-9325425DC4FD}
	EndGlobalSection
EndGlobal
