
Microsoft Visual Studio Solution File, Format Version 12.00
# Visual Studio Version 17
VisualStudioVersion = 17.4.33213.308
MinimumVisualStudioVersion = 10.0.40219.1
Project("{9A19103F-16F7-4668-BE54-9A1E7A4F7556}") = "ParallelPrinting", "ParallelPrinting.csproj", "{94225243-ABAD-4FC1-958C-7596149C4CA0}"
EndProject
Global
	GlobalSection(SolutionConfigurationPlatforms) = preSolution
		Debug|Any CPU = Debug|Any CPU
		Release|Any CPU = Release|Any CPU
	EndGlobalSection
	GlobalSection(ProjectConfigurationPlatforms) = postSolution
		{94225243-ABAD-4FC1-958C-7596149C4CA0}.Debug|Any CPU.ActiveCfg = Debug|Any CPU
		{94225243-ABAD-4FC1-958C-7596149C4CA0}.Debug|Any CPU.Build.0 = Debug|Any CPU
		{94225243-ABAD-4FC1-958C-7596149C4CA0}.Release|Any CPU.ActiveCfg = Release|Any CPU
		{94225243-ABAD-4FC1-958C-7596149C4CA0}.Release|Any CPU.Build.0 = Release|Any CPU
	EndGlobalSection
	GlobalSection(SolutionProperties) = preSolution
		HideSolutionNode = FALSE
	EndGlobalSection
	GlobalSection(ExtensibilityGlobals) = postSolution
		SolutionGuid = {2021D991-9C5C-4B45-97BB-9E62CB2EB44C}
	EndGlobalSection
EndGlobal
